lockfileVersion: '9.0'

settings:
  autoInstallPeers: true
  excludeLinksFromLockfile: false

importers:

  .:
    dependencies:
      node-cron:
        specifier: ^4.6.0
        version: 4.6.0

packages:

  node-cron@4.6.0:
    resolution: {integrity: sha512-Si/bzYiKRHOB8/a99T2+SDGN582ONDMSTlJr5oCkT6GtnqPjZ2s10eoQRYkW9ZHwjVxONL+W8Fb+qR0AHMQsdg==}
    engines: {node: '>=20'}

snapshots:

  node-cron@4.6.0: {}
